
Microsoft Visual Studio Solution File, Format Version 12.00
# Visual Studio Version 17
VisualStudioVersion = 17.14.36301.6 d17.14
MinimumVisualStudioVersion = 10.0.40219.1
Project("{FAE04EC0-301F-11D3-BF4B-00C04F79EFBC}") = "VinFletchersArrow", "VinFletchersArrow\VinFletchersArrow.csproj", "{5D7ED93D-1543-463A-941A-8E426389AF79}"
EndProject
Global
	GlobalSection(SolutionConfigurationPlatforms) = preSolution
		Debug|Any CPU = Debug|Any CPU
		Release|Any CPU = Release|Any CPU
	EndGlobalSection
	GlobalSection(ProjectConfigurationPlatforms) = postSolution
		{5D7ED93D-1543-463A-941A-8E426389AF79}.Debug|Any CPU.ActiveCfg = Debug|Any CPU
		{5D7ED93D-1543-463A-941A-8E426389AF79}.Debug|Any CPU.Build.0 = Debug|Any CPU
		{5D7ED93D-1543-463A-941A-8E426389AF79}.Release|Any CPU.ActiveCfg = Release|Any CPU
		{5D7ED93D-1543-463A-941A-8E426389AF79}.Release|Any CPU.Build.0 = Release|Any CPU
	EndGlobalSection
	GlobalSection(SolutionProperties) = preSolution
		HideSolutionNode = FALSE
	EndGlobalSection
	GlobalSection(ExtensibilityGlobals) = postSolution
		SolutionGuid = {F5D126BC-42FC-4247-95AD-416E02DE303D}
	EndGlobalSection
EndGlobal
